# This file is automatically @generated by Cargo.
# It is not intended for manual editing.
[[package]]
name = "anymap"
version = "0.12.1"
source = "registry+https://github.com/rust-lang/crates.io-index"

[[package]]
name = "callback"
version = "0.0.1"
source = "registry+https://github.com/rust-lang/crates.io-index"

[[package]]
name = "cstring"
version = "0.0.1"
source = "registry+https://github.com/rust-lang/crates.io-index"

[[package]]
name = "webcomponent"
version = "0.1.0"
source = "registry+https://github.com/rust-lang/crates.io-index"
dependencies = [
 "anymap 0.12.1 (registry+https://github.com/rust-lang/crates.io-index)",
 "callback 0.0.1 (registry+https://github.com/rust-lang/crates.io-index)",
 "cstring 0.0.1 (registry+https://github.com/rust-lang/crates.io-index)",
]

[[package]]
name = "x-clock"
version = "0.1.0"
dependencies = [
 "webcomponent 0.1.0 (registry+https://github.com/rust-lang/crates.io-index)",
]

[metadata]
"checksum anymap 0.12.1 (registry+https://github.com/rust-lang/crates.io-index)" = "33954243bd79057c2de7338850b85983a44588021f8a5fee574a8888c6de4344"
"checksum callback 0.0.1 (registry+https://github.com/rust-lang/crates.io-index)" = "4b5a9e92335fc4a9e82322dc9558a81f9ee92304bc464e62c8a7092723609239"
"checksum cstring 0.0.1 (registry+https://github.com/rust-lang/crates.io-index)" = "fdea1d33ced6e0e603460f164c70db01e7aade2381f7d51964fada8f78fd1089"
"checksum webcomponent 0.1.0 (registry+https://github.com/rust-lang/crates.io-index)" = "4e64f85e6953b846b0fcefda5769be6f3b1718bc458dcf1c0cc0f6892bbf0a80"
