# This file is automatically @generated by Cargo.
# It is not intended for manual editing.
[[package]]
name = "callback"
version = "0.0.5"
source = "registry+https://github.com/rust-lang/crates.io-index"
dependencies = [
 "lazy_static 1.4.0 (registry+https://github.com/rust-lang/crates.io-index)",
 "spin 0.5.2 (registry+https://github.com/rust-lang/crates.io-index)",
 "unreachable 1.0.0 (registry+https://github.com/rust-lang/crates.io-index)",
 "wasm_common 0.0.1 (registry+https://github.com/rust-lang/crates.io-index)",
]

[[package]]
name = "cstring"
version = "0.0.4"
source = "registry+https://github.com/rust-lang/crates.io-index"
dependencies = [
 "cty 0.2.0 (registry+https://github.com/rust-lang/crates.io-index)",
 "memchr 2.2.1 (registry+https://github.com/rust-lang/crates.io-index)",
]

[[package]]
name = "cty"
version = "0.2.0"
source = "registry+https://github.com/rust-lang/crates.io-index"

[[package]]
name = "example"
version = "0.1.0"
dependencies = [
 "globals 0.1.3 (registry+https://github.com/rust-lang/crates.io-index)",
 "js_ffi 0.0.13 (registry+https://github.com/rust-lang/crates.io-index)",
]

[[package]]
name = "globals"
version = "0.1.3"
source = "registry+https://github.com/rust-lang/crates.io-index"
dependencies = [
 "lazy_static 1.4.0 (registry+https://github.com/rust-lang/crates.io-index)",
 "spin 0.5.2 (registry+https://github.com/rust-lang/crates.io-index)",
]

[[package]]
name = "js_ffi"
version = "0.0.13"
source = "registry+https://github.com/rust-lang/crates.io-index"
dependencies = [
 "callback 0.0.5 (registry+https://github.com/rust-lang/crates.io-index)",
 "cstring 0.0.4 (registry+https://github.com/rust-lang/crates.io-index)",
 "unreachable 1.0.0 (registry+https://github.com/rust-lang/crates.io-index)",
 "web_common 0.0.1 (registry+https://github.com/rust-lang/crates.io-index)",
]

[[package]]
name = "lazy_static"
version = "1.4.0"
source = "registry+https://github.com/rust-lang/crates.io-index"
dependencies = [
 "spin 0.5.2 (registry+https://github.com/rust-lang/crates.io-index)",
]

[[package]]
name = "memchr"
version = "2.2.1"
source = "registry+https://github.com/rust-lang/crates.io-index"

[[package]]
name = "spin"
version = "0.5.2"
source = "registry+https://github.com/rust-lang/crates.io-index"

[[package]]
name = "unreachable"
version = "1.0.0"
source = "registry+https://github.com/rust-lang/crates.io-index"
dependencies = [
 "void 1.0.2 (registry+https://github.com/rust-lang/crates.io-index)",
]

[[package]]
name = "void"
version = "1.0.2"
source = "registry+https://github.com/rust-lang/crates.io-index"

[[package]]
name = "wasm_common"
version = "0.0.1"
source = "registry+https://github.com/rust-lang/crates.io-index"

[[package]]
name = "web_common"
version = "0.0.1"
source = "registry+https://github.com/rust-lang/crates.io-index"

[metadata]
"checksum callback 0.0.5 (registry+https://github.com/rust-lang/crates.io-index)" = "f4cb91be39183e89a537181974c197d510fa7c52713bcf331ce05fb59c5cec06"
"checksum cstring 0.0.4 (registry+https://github.com/rust-lang/crates.io-index)" = "f59de94c81f8ba8b78c997112fa1efdff7d52829e026ce2671bf6ad9b738a29f"
"checksum cty 0.2.0 (registry+https://github.com/rust-lang/crates.io-index)" = "151a4ee37fd024fa6a134a4b506977504fa5dd378f6b7c797818ee41c7b2c23e"
"checksum globals 0.1.3 (registry+https://github.com/rust-lang/crates.io-index)" = "d8a382a9faa4ecba7968d794d80d8639687c5c6378771b900f189e7d37c2ef38"
"checksum js_ffi 0.0.13 (registry+https://github.com/rust-lang/crates.io-index)" = "05d590d52834ae84f14dcbbe7cb0e4acfbed7b9def907ed2585bf084e915bd4a"
"checksum lazy_static 1.4.0 (registry+https://github.com/rust-lang/crates.io-index)" = "e2abad23fbc42b3700f2f279844dc832adb2b2eb069b2df918f455c4e18cc646"
"checksum memchr 2.2.1 (registry+https://github.com/rust-lang/crates.io-index)" = "88579771288728879b57485cc7d6b07d648c9f0141eb955f8ab7f9d45394468e"
"checksum spin 0.5.2 (registry+https://github.com/rust-lang/crates.io-index)" = "6e63cff320ae2c57904679ba7cb63280a3dc4613885beafb148ee7bf9aa9042d"
"checksum unreachable 1.0.0 (registry+https://github.com/rust-lang/crates.io-index)" = "382810877fe448991dfc7f0dd6e3ae5d58088fd0ea5e35189655f84e6814fa56"
"checksum void 1.0.2 (registry+https://github.com/rust-lang/crates.io-index)" = "6a02e4885ed3bc0f2de90ea6dd45ebcbb66dacffe03547fadbb0eeae2770887d"
"checksum wasm_common 0.0.1 (registry+https://github.com/rust-lang/crates.io-index)" = "339fe4bc97d1e2a89dd7c2e39079fce2fc746e35a9935ed4edaa8b8b3184bc82"
"checksum web_common 0.0.1 (registry+https://github.com/rust-lang/crates.io-index)" = "0e30600102354b117d215f08b8086651c7fdacc5581e2864d75e1dee5a204e2b"
